<Solution>
  <Folder Name="/src/">
    <Project Path="src/JobHunter.Api/JobHunter.Api.csproj" />
    <Project Path="src/JobHunter.Application/JobHunter.Application.csproj" />
    <Project Path="src/JobHunter.Domain/JobHunter.Domain.csproj" />
    <Project Path="src/JobHunter.Infrastructure/JobHunter.Infrastructure.csproj" />
  </Folder>
  <Folder Name="/tests/">
    <Project Path="tests/JobHunter.IntegrationTests/JobHunter.IntegrationTests.csproj" />
    <Project Path="tests/JobHunter.UnitTests/JobHunter.UnitTests.csproj" />
  </Folder>
</Solution>
